
Microsoft Visual Studio Solution File, Format Version 12.00
# Visual Studio Version 17
VisualStudioVersion = 17.11.35312.102
MinimumVisualStudioVersion = 10.0.40219.1
Project("{9A19103F-16F7-4668-BE54-9A1E7A4F7556}") = "EnterpriseStatistics.Domain", "..\EnterpriseStatistics.Domain\EnterpriseStatistics.Domain.csproj", "{0FCA9702-74EE-4A9A-BB70-14B53736ADDB}"
EndProject
Project("{9A19103F-16F7-4668-BE54-9A1E7A4F7556}") = "EnterpriseStatistics", "EnterpriseStatistics.csproj", "{42C6241B-5345-42AD-AAD9-154FA0855000}"
EndProject
Project("{9A19103F-16F7-4668-BE54-9A1E7A4F7556}") = "EnterpriseStatistics.Tests", "..\EnterpriseStatistics.Test\EnterpriseStatistics.Tests.csproj", "{34CB5B17-9AE1-4B57-AC63-5D9FC883F222}"
EndProject
Global
	GlobalSection(SolutionConfigurationPlatforms) = preSolution
		Debug|Any CPU = Debug|Any CPU
		Release|Any CPU = Release|Any CPU
	EndGlobalSection
	GlobalSection(ProjectConfigurationPlatforms) = postSolution
		{0FCA9702-74EE-4A9A-BB70-14B53736ADDB}.Debug|Any CPU.ActiveCfg = Debug|Any CPU
		{0FCA9702-74EE-4A9A-BB70-14B53736ADDB}.Debug|Any CPU.Build.0 = Debug|Any CPU
		{0FCA9702-74EE-4A9A-BB70-14B53736ADDB}.Release|Any CPU.ActiveCfg = Release|Any CPU
		{0FCA9702-74EE-4A9A-BB70-14B53736ADDB}.Release|Any CPU.Build.0 = Release|Any CPU
		{42C6241B-5345-42AD-AAD9-154FA0855000}.Debug|Any CPU.ActiveCfg = Debug|Any CPU
		{42C6241B-5345-42AD-AAD9-154FA0855000}.Debug|Any CPU.Build.0 = Debug|Any CPU
		{42C6241B-5345-42AD-AAD9-154FA0855000}.Release|Any CPU.ActiveCfg = Release|Any CPU
		{42C6241B-5345-42AD-AAD9-154FA0855000}.Release|Any CPU.Build.0 = Release|Any CPU
		{34CB5B17-9AE1-4B57-AC63-5D9FC883F222}.Debug|Any CPU.ActiveCfg = Debug|Any CPU
		{34CB5B17-9AE1-4B57-AC63-5D9FC883F222}.Debug|Any CPU.Build.0 = Debug|Any CPU
		{34CB5B17-9AE1-4B57-AC63-5D9FC883F222}.Release|Any CPU.ActiveCfg = Release|Any CPU
		{34CB5B17-9AE1-4B57-AC63-5D9FC883F222}.Release|Any CPU.Build.0 = Release|Any CPU
	EndGlobalSection
	GlobalSection(SolutionProperties) = preSolution
		HideSolutionNode = FALSE
	EndGlobalSection
	GlobalSection(ExtensibilityGlobals) = postSolution
		SolutionGuid = {A636123F-171B-4E8A-B094-51A63A1625BC}
	EndGlobalSection
EndGlobal
