
Microsoft Visual Studio Solution File, Format Version 12.00
# Visual Studio Version 17
VisualStudioVersion = 17.11.35312.102
MinimumVisualStudioVersion = 10.0.40219.1
Project("{9A19103F-16F7-4668-BE54-9A1E7A4F7556}") = "AirCompany.Domain", "AirCompany.Domain\AirCompany.Domain.csproj", "{4ECB156A-B08F-4121-8752-44EC105DD0F5}"
EndProject
Project("{9A19103F-16F7-4668-BE54-9A1E7A4F7556}") = "AirCompany.Domain.Test", "AirCompany.Domain.Test\AirCompany.Domain.Test.csproj", "{DA2DFB5E-4DEB-47D7-97D7-AD9E547B140B}"
EndProject
Global
	GlobalSection(SolutionConfigurationPlatforms) = preSolution
		Debug|Any CPU = Debug|Any CPU
		Release|Any CPU = Release|Any CPU
	EndGlobalSection
	GlobalSection(ProjectConfigurationPlatforms) = postSolution
		{4ECB156A-B08F-4121-8752-44EC105DD0F5}.Debug|Any CPU.ActiveCfg = Debug|Any CPU
		{4ECB156A-B08F-4121-8752-44EC105DD0F5}.Debug|Any CPU.Build.0 = Debug|Any CPU
		{4ECB156A-B08F-4121-8752-44EC105DD0F5}.Release|Any CPU.ActiveCfg = Release|Any CPU
		{4ECB156A-B08F-4121-8752-44EC105DD0F5}.Release|Any CPU.Build.0 = Release|Any CPU
		{DA2DFB5E-4DEB-47D7-97D7-AD9E547B140B}.Debug|Any CPU.ActiveCfg = Debug|Any CPU
		{DA2DFB5E-4DEB-47D7-97D7-AD9E547B140B}.Debug|Any CPU.Build.0 = Debug|Any CPU
		{DA2DFB5E-4DEB-47D7-97D7-AD9E547B140B}.Release|Any CPU.ActiveCfg = Release|Any CPU
		{DA2DFB5E-4DEB-47D7-97D7-AD9E547B140B}.Release|Any CPU.Build.0 = Release|Any CPU
	EndGlobalSection
	GlobalSection(SolutionProperties) = preSolution
		HideSolutionNode = FALSE
	EndGlobalSection
	GlobalSection(ExtensibilityGlobals) = postSolution
		SolutionGuid = {D68A7571-CE8A-4594-ADD8-7D89026B6AFA}
	EndGlobalSection
EndGlobal
