
Microsoft Visual Studio Solution File, Format Version 12.00
# Visual Studio Version 17
VisualStudioVersion = 17.11.35222.181
MinimumVisualStudioVersion = 10.0.40219.1
Project("{FAE04EC0-301F-11D3-BF4B-00C04F79EFBC}") = "HRDepartment", "HRDepartment\HRDepartment.csproj", "{6E8CF866-0DEB-437E-9970-6CD95AD9C8A3}"
EndProject
Project("{2150E333-8FDC-42A3-9474-1A3956D46DE8}") = "HRDepartment.Classes", "HRDepartment.Classes", "{5AF4DE1E-6810-4A91-9672-3EBBD3F297C9}"
EndProject
Project("{FAE04EC0-301F-11D3-BF4B-00C04F79EFBC}") = "HRDepartment.Test", "HRDepartment.Tests\HRDepartment.Test.csproj", "{47D1D741-45FC-4C71-81EB-DA17F0A5A3B3}"
EndProject
Project("{2150E333-8FDC-42A3-9474-1A3956D46DE8}") = "HRDepartment.Tests", "HRDepartment.Tests", "{B6BA0F1A-D914-4A31-879B-20CF5409C808}"
EndProject
Global
	GlobalSection(SolutionConfigurationPlatforms) = preSolution
		Debug|Any CPU = Debug|Any CPU
		Release|Any CPU = Release|Any CPU
	EndGlobalSection
	GlobalSection(ProjectConfigurationPlatforms) = postSolution
		{6E8CF866-0DEB-437E-9970-6CD95AD9C8A3}.Debug|Any CPU.ActiveCfg = Debug|Any CPU
		{6E8CF866-0DEB-437E-9970-6CD95AD9C8A3}.Debug|Any CPU.Build.0 = Debug|Any CPU
		{6E8CF866-0DEB-437E-9970-6CD95AD9C8A3}.Release|Any CPU.ActiveCfg = Release|Any CPU
		{6E8CF866-0DEB-437E-9970-6CD95AD9C8A3}.Release|Any CPU.Build.0 = Release|Any CPU
		{47D1D741-45FC-4C71-81EB-DA17F0A5A3B3}.Debug|Any CPU.ActiveCfg = Debug|Any CPU
		{47D1D741-45FC-4C71-81EB-DA17F0A5A3B3}.Debug|Any CPU.Build.0 = Debug|Any CPU
		{47D1D741-45FC-4C71-81EB-DA17F0A5A3B3}.Release|Any CPU.ActiveCfg = Release|Any CPU
		{47D1D741-45FC-4C71-81EB-DA17F0A5A3B3}.Release|Any CPU.Build.0 = Release|Any CPU
	EndGlobalSection
	GlobalSection(SolutionProperties) = preSolution
		HideSolutionNode = FALSE
	EndGlobalSection
	GlobalSection(NestedProjects) = preSolution
		{6E8CF866-0DEB-437E-9970-6CD95AD9C8A3} = {5AF4DE1E-6810-4A91-9672-3EBBD3F297C9}
		{47D1D741-45FC-4C71-81EB-DA17F0A5A3B3} = {B6BA0F1A-D914-4A31-879B-20CF5409C808}
	EndGlobalSection
	GlobalSection(ExtensibilityGlobals) = postSolution
		SolutionGuid = {718BA706-CB52-4C4F-8AC2-DE583F76BDDA}
	EndGlobalSection
EndGlobal
