
Microsoft Visual Studio Solution File, Format Version 12.00
# Visual Studio Version 17
VisualStudioVersion = 17.10.35013.160
MinimumVisualStudioVersion = 10.0.40219.1
Project("{9A19103F-16F7-4668-BE54-9A1E7A4F7556}") = "BikeRent.Domain", "BikeRent.Domain.csproj", "{D1AF226A-334F-452D-AA69-9EFB97C33350}"
EndProject
Global
	GlobalSection(SolutionConfigurationPlatforms) = preSolution
		Debug|Any CPU = Debug|Any CPU
		Release|Any CPU = Release|Any CPU
	EndGlobalSection
	GlobalSection(ProjectConfigurationPlatforms) = postSolution
		{D1AF226A-334F-452D-AA69-9EFB97C33350}.Debug|Any CPU.ActiveCfg = Debug|Any CPU
		{D1AF226A-334F-452D-AA69-9EFB97C33350}.Debug|Any CPU.Build.0 = Debug|Any CPU
		{D1AF226A-334F-452D-AA69-9EFB97C33350}.Release|Any CPU.ActiveCfg = Release|Any CPU
		{D1AF226A-334F-452D-AA69-9EFB97C33350}.Release|Any CPU.Build.0 = Release|Any CPU
	EndGlobalSection
	GlobalSection(SolutionProperties) = preSolution
		HideSolutionNode = FALSE
	EndGlobalSection
	GlobalSection(ExtensibilityGlobals) = postSolution
		SolutionGuid = {A14B1A0D-20CE-4479-B48B-94464E53C444}
	EndGlobalSection
EndGlobal
