
Microsoft Visual Studio Solution File, Format Version 12.00
# Visual Studio Version 17
VisualStudioVersion = 17.11.35312.102
MinimumVisualStudioVersion = 10.0.40219.1
Project("{9A19103F-16F7-4668-BE54-9A1E7A4F7556}") = "MediaLibrary.Domain", "MediaLibrary.Domain\MediaLibrary.Domain.csproj", "{575B6F2E-3D91-467A-B3A9-1C236B4B02CE}"
EndProject
Project("{FAE04EC0-301F-11D3-BF4B-00C04F79EFBC}") = "MediaLibrary.Tests", "MediaLibrary.Tests\MediaLibrary.Tests.csproj", "{D3CD39F3-1717-4214-8477-F3849303C2BE}"
EndProject
Global
	GlobalSection(SolutionConfigurationPlatforms) = preSolution
		Debug|Any CPU = Debug|Any CPU
		Release|Any CPU = Release|Any CPU
	EndGlobalSection
	GlobalSection(ProjectConfigurationPlatforms) = postSolution
		{575B6F2E-3D91-467A-B3A9-1C236B4B02CE}.Debug|Any CPU.ActiveCfg = Debug|Any CPU
		{575B6F2E-3D91-467A-B3A9-1C236B4B02CE}.Debug|Any CPU.Build.0 = Debug|Any CPU
		{575B6F2E-3D91-467A-B3A9-1C236B4B02CE}.Release|Any CPU.ActiveCfg = Release|Any CPU
		{575B6F2E-3D91-467A-B3A9-1C236B4B02CE}.Release|Any CPU.Build.0 = Release|Any CPU
		{D3CD39F3-1717-4214-8477-F3849303C2BE}.Debug|Any CPU.ActiveCfg = Debug|Any CPU
		{D3CD39F3-1717-4214-8477-F3849303C2BE}.Debug|Any CPU.Build.0 = Debug|Any CPU
		{D3CD39F3-1717-4214-8477-F3849303C2BE}.Release|Any CPU.ActiveCfg = Release|Any CPU
		{D3CD39F3-1717-4214-8477-F3849303C2BE}.Release|Any CPU.Build.0 = Release|Any CPU
	EndGlobalSection
	GlobalSection(SolutionProperties) = preSolution
		HideSolutionNode = FALSE
	EndGlobalSection
	GlobalSection(ExtensibilityGlobals) = postSolution
		SolutionGuid = {184D298A-E252-496E-8826-022CFBC0D79B}
	EndGlobalSection
EndGlobal
