
Microsoft Visual Studio Solution File, Format Version 12.00
# Visual Studio Version 17
VisualStudioVersion = 17.11.35303.130
MinimumVisualStudioVersion = 10.0.40219.1
Project("{9A19103F-16F7-4668-BE54-9A1E7A4F7556}") = "AirlineCompany", "AirlineCompany\AirlineCompany.csproj", "{ABF9767D-CA56-4BA3-95D6-994700C1256E}"
	ProjectSection(ProjectDependencies) = postProject
		{0EFFFD03-718C-45A7-AF85-5B2E30589EA2} = {0EFFFD03-718C-45A7-AF85-5B2E30589EA2}
	EndProjectSection
EndProject
Project("{9A19103F-16F7-4668-BE54-9A1E7A4F7556}") = "AirlineCompany.Domain", "AirlineCompany.Domain\AirlineCompany.Domain.csproj", "{0EFFFD03-718C-45A7-AF85-5B2E30589EA2}"
EndProject
Project("{FAE04EC0-301F-11D3-BF4B-00C04F79EFBC}") = "AirlineCompany.Tests", "AirlineCompany.Tests\AirlineCompany.Tests.csproj", "{9DEFAAE7-EFA7-4BBA-BD3A-04DAF2208109}"
EndProject
Global
	GlobalSection(SolutionConfigurationPlatforms) = preSolution
		Debug|Any CPU = Debug|Any CPU
		Release|Any CPU = Release|Any CPU
	EndGlobalSection
	GlobalSection(ProjectConfigurationPlatforms) = postSolution
		{ABF9767D-CA56-4BA3-95D6-994700C1256E}.Debug|Any CPU.ActiveCfg = Debug|Any CPU
		{ABF9767D-CA56-4BA3-95D6-994700C1256E}.Debug|Any CPU.Build.0 = Debug|Any CPU
		{ABF9767D-CA56-4BA3-95D6-994700C1256E}.Release|Any CPU.ActiveCfg = Release|Any CPU
		{ABF9767D-CA56-4BA3-95D6-994700C1256E}.Release|Any CPU.Build.0 = Release|Any CPU
		{0EFFFD03-718C-45A7-AF85-5B2E30589EA2}.Debug|Any CPU.ActiveCfg = Debug|Any CPU
		{0EFFFD03-718C-45A7-AF85-5B2E30589EA2}.Debug|Any CPU.Build.0 = Debug|Any CPU
		{0EFFFD03-718C-45A7-AF85-5B2E30589EA2}.Release|Any CPU.ActiveCfg = Release|Any CPU
		{0EFFFD03-718C-45A7-AF85-5B2E30589EA2}.Release|Any CPU.Build.0 = Release|Any CPU
		{9DEFAAE7-EFA7-4BBA-BD3A-04DAF2208109}.Debug|Any CPU.ActiveCfg = Debug|Any CPU
		{9DEFAAE7-EFA7-4BBA-BD3A-04DAF2208109}.Debug|Any CPU.Build.0 = Debug|Any CPU
		{9DEFAAE7-EFA7-4BBA-BD3A-04DAF2208109}.Release|Any CPU.ActiveCfg = Release|Any CPU
		{9DEFAAE7-EFA7-4BBA-BD3A-04DAF2208109}.Release|Any CPU.Build.0 = Release|Any CPU
	EndGlobalSection
	GlobalSection(SolutionProperties) = preSolution
		HideSolutionNode = FALSE
	EndGlobalSection
	GlobalSection(ExtensibilityGlobals) = postSolution
		SolutionGuid = {54DC92EF-C477-41AF-B123-4D50F8873EA0}
	EndGlobalSection
EndGlobal
