
Microsoft Visual Studio Solution File, Format Version 12.00
# Visual Studio Version 17
VisualStudioVersion = 17.11.35312.102
MinimumVisualStudioVersion = 10.0.40219.1
Project("{FAE04EC0-301F-11D3-BF4B-00C04F79EFBC}") = "HotelBookingDetails", "HotelBookingDetails\HotelBookingDetails.csproj", "{BB65E789-B8C5-4D70-80DD-9D3B4A86E3F0}"
EndProject
Project("{FAE04EC0-301F-11D3-BF4B-00C04F79EFBC}") = "HotelBookingDetails.Tests", "HotelBookingDetails.Tests\HotelBookingDetails.Tests.csproj", "{490ABC60-07A8-42BA-B264-51C0A500FD2D}"
EndProject
Global
	GlobalSection(SolutionConfigurationPlatforms) = preSolution
		Debug|Any CPU = Debug|Any CPU
		Release|Any CPU = Release|Any CPU
	EndGlobalSection
	GlobalSection(ProjectConfigurationPlatforms) = postSolution
		{BB65E789-B8C5-4D70-80DD-9D3B4A86E3F0}.Debug|Any CPU.ActiveCfg = Debug|Any CPU
		{BB65E789-B8C5-4D70-80DD-9D3B4A86E3F0}.Debug|Any CPU.Build.0 = Debug|Any CPU
		{BB65E789-B8C5-4D70-80DD-9D3B4A86E3F0}.Release|Any CPU.ActiveCfg = Release|Any CPU
		{BB65E789-B8C5-4D70-80DD-9D3B4A86E3F0}.Release|Any CPU.Build.0 = Release|Any CPU
		{490ABC60-07A8-42BA-B264-51C0A500FD2D}.Debug|Any CPU.ActiveCfg = Debug|Any CPU
		{490ABC60-07A8-42BA-B264-51C0A500FD2D}.Debug|Any CPU.Build.0 = Debug|Any CPU
		{490ABC60-07A8-42BA-B264-51C0A500FD2D}.Release|Any CPU.ActiveCfg = Release|Any CPU
		{490ABC60-07A8-42BA-B264-51C0A500FD2D}.Release|Any CPU.Build.0 = Release|Any CPU
	EndGlobalSection
	GlobalSection(SolutionProperties) = preSolution
		HideSolutionNode = FALSE
	EndGlobalSection
	GlobalSection(ExtensibilityGlobals) = postSolution
		SolutionGuid = {8A31513C-D805-4205-B77E-682492A16141}
	EndGlobalSection
EndGlobal
