
Microsoft Visual Studio Solution File, Format Version 12.00
# Visual Studio Version 17
VisualStudioVersion = 17.11.35312.102
MinimumVisualStudioVersion = 10.0.40219.1
Project("{9A19103F-16F7-4668-BE54-9A1E7A4F7556}") = "StoreCashFlow.Domain", "StoreCashFlow.Domain\StoreCashFlow.Domain.csproj", "{A2E800E9-B4D2-40C4-AE9F-80B2597F13DE}"
EndProject
Project("{9A19103F-16F7-4668-BE54-9A1E7A4F7556}") = "StoreCashFlow.Tests", "StoreCashFlow.Tests\StoreCashFlow.Tests.csproj", "{8634784B-03F6-4EFA-8D21-369F22056D67}"
EndProject
Project("{9A19103F-16F7-4668-BE54-9A1E7A4F7556}") = "StoreCashFlow.Api", "StoreCashFlow.Api\StoreCashFlow.Api.csproj", "{D8DA7F50-2519-4A07-91E6-14ED320DF1CE}"
EndProject
Global
	GlobalSection(SolutionConfigurationPlatforms) = preSolution
		Debug|Any CPU = Debug|Any CPU
		Release|Any CPU = Release|Any CPU
	EndGlobalSection
	GlobalSection(ProjectConfigurationPlatforms) = postSolution
		{A2E800E9-B4D2-40C4-AE9F-80B2597F13DE}.Debug|Any CPU.ActiveCfg = Debug|Any CPU
		{A2E800E9-B4D2-40C4-AE9F-80B2597F13DE}.Debug|Any CPU.Build.0 = Debug|Any CPU
		{A2E800E9-B4D2-40C4-AE9F-80B2597F13DE}.Release|Any CPU.ActiveCfg = Release|Any CPU
		{A2E800E9-B4D2-40C4-AE9F-80B2597F13DE}.Release|Any CPU.Build.0 = Release|Any CPU
		{8634784B-03F6-4EFA-8D21-369F22056D67}.Debug|Any CPU.ActiveCfg = Debug|Any CPU
		{8634784B-03F6-4EFA-8D21-369F22056D67}.Debug|Any CPU.Build.0 = Debug|Any CPU
		{8634784B-03F6-4EFA-8D21-369F22056D67}.Release|Any CPU.ActiveCfg = Release|Any CPU
		{8634784B-03F6-4EFA-8D21-369F22056D67}.Release|Any CPU.Build.0 = Release|Any CPU
		{D8DA7F50-2519-4A07-91E6-14ED320DF1CE}.Debug|Any CPU.ActiveCfg = Debug|Any CPU
		{D8DA7F50-2519-4A07-91E6-14ED320DF1CE}.Debug|Any CPU.Build.0 = Debug|Any CPU
		{D8DA7F50-2519-4A07-91E6-14ED320DF1CE}.Release|Any CPU.ActiveCfg = Release|Any CPU
		{D8DA7F50-2519-4A07-91E6-14ED320DF1CE}.Release|Any CPU.Build.0 = Release|Any CPU
	EndGlobalSection
	GlobalSection(SolutionProperties) = preSolution
		HideSolutionNode = FALSE
	EndGlobalSection
	GlobalSection(ExtensibilityGlobals) = postSolution
		SolutionGuid = {11DEA35F-5FFC-465C-A4E4-D1FCF2295CED}
	EndGlobalSection
EndGlobal
