
Microsoft Visual Studio Solution File, Format Version 12.00
# Visual Studio Version 17
VisualStudioVersion = 17.11.35303.130
MinimumVisualStudioVersion = 10.0.40219.1
Project("{FAE04EC0-301F-11D3-BF4B-00C04F79EFBC}") = "DispatchService.Model", "DispatchService.Model\DispatchService.Model.csproj", "{22A2216D-000D-446D-ADCF-2CF900B1B45B}"
EndProject
Project("{FAE04EC0-301F-11D3-BF4B-00C04F79EFBC}") = "DispatchService.Tests", "DispatchService.Tests\DispatchService.Tests.csproj", "{938B63C2-2457-4ED2-8FDA-4C55AB699D48}"
EndProject
Global
	GlobalSection(SolutionConfigurationPlatforms) = preSolution
		Debug|Any CPU = Debug|Any CPU
		Release|Any CPU = Release|Any CPU
	EndGlobalSection
	GlobalSection(ProjectConfigurationPlatforms) = postSolution
		{22A2216D-000D-446D-ADCF-2CF900B1B45B}.Debug|Any CPU.ActiveCfg = Debug|Any CPU
		{22A2216D-000D-446D-ADCF-2CF900B1B45B}.Debug|Any CPU.Build.0 = Debug|Any CPU
		{22A2216D-000D-446D-ADCF-2CF900B1B45B}.Release|Any CPU.ActiveCfg = Release|Any CPU
		{22A2216D-000D-446D-ADCF-2CF900B1B45B}.Release|Any CPU.Build.0 = Release|Any CPU
		{938B63C2-2457-4ED2-8FDA-4C55AB699D48}.Debug|Any CPU.ActiveCfg = Debug|Any CPU
		{938B63C2-2457-4ED2-8FDA-4C55AB699D48}.Debug|Any CPU.Build.0 = Debug|Any CPU
		{938B63C2-2457-4ED2-8FDA-4C55AB699D48}.Release|Any CPU.ActiveCfg = Release|Any CPU
		{938B63C2-2457-4ED2-8FDA-4C55AB699D48}.Release|Any CPU.Build.0 = Release|Any CPU
	EndGlobalSection
	GlobalSection(SolutionProperties) = preSolution
		HideSolutionNode = FALSE
	EndGlobalSection
	GlobalSection(ExtensibilityGlobals) = postSolution
		SolutionGuid = {67EE157C-AC9E-47D3-A0F9-559AC2E8BDCD}
	EndGlobalSection
EndGlobal
